// !$*UTF8*$!
{
	archiveVersion = 1;
	classes = {
	};
	objectVersion = 46;
	objects = {

/* Begin PBXAggregateTarget section */
		82FB6D9B1CB6E7D1000DE9E9 /* SKUtils-Universal */ = {
			isa = PBXAggregateTarget;
			buildConfigurationList = 82FB6D9C1CB6E7D1000DE9E9 /* Build configuration list for PBXAggregateTarget "SKUtils-Universal" */;
			buildPhases = (
				82FB6DA11CB6E7E2000DE9E9 /* ShellScript */,
			);
			dependencies = (
				82FB6DA01CB6E7DD000DE9E9 /* PBXTargetDependency */,
			);
			name = "SKUtils-Universal";
			productName = "SKUtils-Universal";
		};
/* End PBXAggregateTarget section */

/* Begin PBXBuildFile section */
		822586C91CBC003D00E01E7D /* SKTask.h in Headers */ = {isa = PBXBuildFile; fileRef = 822586C51CBC003D00E01E7D /* SKTask.h */; settings = {ATTRIBUTES = (Public, ); }; };
		822586CA1CBC003D00E01E7D /* SKTask.m in Sources */ = {isa = PBXBuildFile; fileRef = 822586C61CBC003D00E01E7D /* SKTask.m */; };
		822586CB1CBC003D00E01E7D /* SKTaskQueue.h in Headers */ = {isa = PBXBuildFile; fileRef = 822586C71CBC003D00E01E7D /* SKTaskQueue.h */; settings = {ATTRIBUTES = (Public, ); }; };
		822586CC1CBC003D00E01E7D /* SKTaskQueue.m in Sources */ = {isa = PBXBuildFile; fileRef = 822586C81CBC003D00E01E7D /* SKTaskQueue.m */; };
		822586CF1CBC004600E01E7D /* SKTaskQueueTest.m in Sources */ = {isa = PBXBuildFile; fileRef = 822586CE1CBC004600E01E7D /* SKTaskQueueTest.m */; };
		826803581CA94AE700C8B952 /* SKUtils.h in Headers */ = {isa = PBXBuildFile; fileRef = 826803571CA94AE700C8B952 /* SKUtils.h */; settings = {ATTRIBUTES = (Public, ); }; };
		8268035F1CA94AE700C8B952 /* SKUtils.framework in Frameworks */ = {isa = PBXBuildFile; fileRef = 826803541CA94AE600C8B952 /* SKUtils.framework */; };
		826803641CA94AE700C8B952 /* SKUtilsTests.m in Sources */ = {isa = PBXBuildFile; fileRef = 826803631CA94AE700C8B952 /* SKUtilsTests.m */; };
		826803721CA94C8800C8B952 /* OCHamcrest.framework in Frameworks */ = {isa = PBXBuildFile; fileRef = 826803701CA94C8800C8B952 /* OCHamcrest.framework */; };
		826803731CA94C8800C8B952 /* OCMockito.framework in Frameworks */ = {isa = PBXBuildFile; fileRef = 826803711CA94C8800C8B952 /* OCMockito.framework */; };
		826803761CA95DE500C8B952 /* SKOrderedDictionary.h in Headers */ = {isa = PBXBuildFile; fileRef = 826803741CA95DE500C8B952 /* SKOrderedDictionary.h */; settings = {ATTRIBUTES = (Public, ); }; };
		826803771CA95DE500C8B952 /* SKOrderedDictionary.m in Sources */ = {isa = PBXBuildFile; fileRef = 826803751CA95DE500C8B952 /* SKOrderedDictionary.m */; };
		826803791CA95DEF00C8B952 /* SKOrderedDictionaryTest.m in Sources */ = {isa = PBXBuildFile; fileRef = 826803781CA95DEF00C8B952 /* SKOrderedDictionaryTest.m */; };
		826803F31CAC25E900C8B952 /* SKLruListTests.m in Sources */ = {isa = PBXBuildFile; fileRef = 826803F11CAC25E900C8B952 /* SKLruListTests.m */; };
		826803F41CAC25E900C8B952 /* SKLruTableTests.m in Sources */ = {isa = PBXBuildFile; fileRef = 826803F21CAC25E900C8B952 /* SKLruTableTests.m */; };
		826804031CAC264200C8B952 /* SKLruCacheTests.m in Sources */ = {isa = PBXBuildFile; fileRef = 826804021CAC264200C8B952 /* SKLruCacheTests.m */; };
		8268040B1CAC26E400C8B952 /* SKLruCache.h in Headers */ = {isa = PBXBuildFile; fileRef = 826804051CAC26E400C8B952 /* SKLruCache.h */; settings = {ATTRIBUTES = (Public, ); }; };
		8268040C1CAC26E400C8B952 /* SKLruCache.m in Sources */ = {isa = PBXBuildFile; fileRef = 826804061CAC26E400C8B952 /* SKLruCache.m */; };
		8268040D1CAC26E400C8B952 /* SKLruList.h in Headers */ = {isa = PBXBuildFile; fileRef = 826804071CAC26E400C8B952 /* SKLruList.h */; settings = {ATTRIBUTES = (Public, ); }; };
		8268040E1CAC26E400C8B952 /* SKLruList.m in Sources */ = {isa = PBXBuildFile; fileRef = 826804081CAC26E400C8B952 /* SKLruList.m */; };
		8268040F1CAC26E400C8B952 /* SKLruTable.h in Headers */ = {isa = PBXBuildFile; fileRef = 826804091CAC26E400C8B952 /* SKLruTable.h */; settings = {ATTRIBUTES = (Public, ); }; };
		826804101CAC26E400C8B952 /* SKLruTable.m in Sources */ = {isa = PBXBuildFile; fileRef = 8268040A1CAC26E400C8B952 /* SKLruTable.m */; };
		828D198E1CAD8C0300F4CFC4 /* SKLruStorage.h in Headers */ = {isa = PBXBuildFile; fileRef = 828D198C1CAD8C0300F4CFC4 /* SKLruStorage.h */; settings = {ATTRIBUTES = (Public, ); }; };
		828D198F1CAD8C0300F4CFC4 /* SKLruStorage.m in Sources */ = {isa = PBXBuildFile; fileRef = 828D198D1CAD8C0300F4CFC4 /* SKLruStorage.m */; };
		828D19911CAD8C1900F4CFC4 /* SKLruStorageTests.m in Sources */ = {isa = PBXBuildFile; fileRef = 828D19901CAD8C1900F4CFC4 /* SKLruStorageTests.m */; };
		82FB6D851CB6E5AE000DE9E9 /* SKLruTable.m in Sources */ = {isa = PBXBuildFile; fileRef = 8268040A1CAC26E400C8B952 /* SKLruTable.m */; };
		82FB6D861CB6E5AE000DE9E9 /* SKLruStorage.m in Sources */ = {isa = PBXBuildFile; fileRef = 828D198D1CAD8C0300F4CFC4 /* SKLruStorage.m */; };
		82FB6D871CB6E5AE000DE9E9 /* SKLruCache.m in Sources */ = {isa = PBXBuildFile; fileRef = 826804061CAC26E400C8B952 /* SKLruCache.m */; };
		82FB6D881CB6E5AE000DE9E9 /* SKLruList.m in Sources */ = {isa = PBXBuildFile; fileRef = 826804081CAC26E400C8B952 /* SKLruList.m */; };
		82FB6D891CB6E5AE000DE9E9 /* SKOrderedDictionary.m in Sources */ = {isa = PBXBuildFile; fileRef = 826803751CA95DE500C8B952 /* SKOrderedDictionary.m */; };
		82FB6D8C1CB6E5AE000DE9E9 /* SKLruCache.h in Headers */ = {isa = PBXBuildFile; fileRef = 826804051CAC26E400C8B952 /* SKLruCache.h */; settings = {ATTRIBUTES = (Public, ); }; };
		82FB6D8D1CB6E5AE000DE9E9 /* SKOrderedDictionary.h in Headers */ = {isa = PBXBuildFile; fileRef = 826803741CA95DE500C8B952 /* SKOrderedDictionary.h */; settings = {ATTRIBUTES = (Public, ); }; };
		82FB6D8E1CB6E5AE000DE9E9 /* SKLruStorage.h in Headers */ = {isa = PBXBuildFile; fileRef = 828D198C1CAD8C0300F4CFC4 /* SKLruStorage.h */; settings = {ATTRIBUTES = (Public, ); }; };
		82FB6D8F1CB6E5AE000DE9E9 /* SKLruTable.h in Headers */ = {isa = PBXBuildFile; fileRef = 826804091CAC26E400C8B952 /* SKLruTable.h */; settings = {ATTRIBUTES = (Public, ); }; };
		82FB6D901CB6E5AE000DE9E9 /* SKLruList.h in Headers */ = {isa = PBXBuildFile; fileRef = 826804071CAC26E400C8B952 /* SKLruList.h */; settings = {ATTRIBUTES = (Public, ); }; };
		82FB6D911CB6E5AE000DE9E9 /* SKUtils.h in Headers */ = {isa = PBXBuildFile; fileRef = 826803571CA94AE700C8B952 /* SKUtils.h */; settings = {ATTRIBUTES = (Public, ); }; };
/* End PBXBuildFile section */

/* Begin PBXContainerItemProxy section */
		826803601CA94AE700C8B952 /* PBXContainerItemProxy */ = {
			isa = PBXContainerItemProxy;
			containerPortal = 8268034B1CA94AE600C8B952 /* Project object */;
			proxyType = 1;
			remoteGlobalIDString = 826803531CA94AE600C8B952;
			remoteInfo = SKUtils;
		};
		82FB6D9F1CB6E7DD000DE9E9 /* PBXContainerItemProxy */ = {
			isa = PBXContainerItemProxy;
			containerPortal = 8268034B1CA94AE600C8B952 /* Project object */;
			proxyType = 1;
			remoteGlobalIDString = 82FB6D831CB6E5AE000DE9E9;
			remoteInfo = "SKUtils-iOS7";
		};
/* End PBXContainerItemProxy section */

/* Begin PBXFileReference section */
		822586C51CBC003D00E01E7D /* SKTask.h */ = {isa = PBXFileReference; fileEncoding = 4; lastKnownFileType = sourcecode.c.h; path = SKTask.h; sourceTree = "<group>"; };
		822586C61CBC003D00E01E7D /* SKTask.m */ = {isa = PBXFileReference; fileEncoding = 4; lastKnownFileType = sourcecode.c.objc; path = SKTask.m; sourceTree = "<group>"; };
		822586C71CBC003D00E01E7D /* SKTaskQueue.h */ = {isa = PBXFileReference; fileEncoding = 4; lastKnownFileType = sourcecode.c.h; path = SKTaskQueue.h; sourceTree = "<group>"; };
		822586C81CBC003D00E01E7D /* SKTaskQueue.m */ = {isa = PBXFileReference; fileEncoding = 4; lastKnownFileType = sourcecode.c.objc; path = SKTaskQueue.m; sourceTree = "<group>"; };
		822586CE1CBC004600E01E7D /* SKTaskQueueTest.m */ = {isa = PBXFileReference; fileEncoding = 4; lastKnownFileType = sourcecode.c.objc; path = SKTaskQueueTest.m; sourceTree = "<group>"; };
		826803541CA94AE600C8B952 /* SKUtils.framework */ = {isa = PBXFileReference; explicitFileType = wrapper.framework; includeInIndex = 0; path = SKUtils.framework; sourceTree = BUILT_PRODUCTS_DIR; };
		826803571CA94AE700C8B952 /* SKUtils.h */ = {isa = PBXFileReference; lastKnownFileType = sourcecode.c.h; path = SKUtils.h; sourceTree = "<group>"; };
		826803591CA94AE700C8B952 /* Info.plist */ = {isa = PBXFileReference; lastKnownFileType = text.plist.xml; path = Info.plist; sourceTree = "<group>"; };
		8268035E1CA94AE700C8B952 /* SKUtilsTests.xctest */ = {isa = PBXFileReference; explicitFileType = wrapper.cfbundle; includeInIndex = 0; path = SKUtilsTests.xctest; sourceTree = BUILT_PRODUCTS_DIR; };
		826803631CA94AE700C8B952 /* SKUtilsTests.m */ = {isa = PBXFileReference; lastKnownFileType = sourcecode.c.objc; path = SKUtilsTests.m; sourceTree = "<group>"; };
		826803651CA94AE700C8B952 /* Info.plist */ = {isa = PBXFileReference; lastKnownFileType = text.plist.xml; path = Info.plist; sourceTree = "<group>"; };
		826803701CA94C8800C8B952 /* OCHamcrest.framework */ = {isa = PBXFileReference; lastKnownFileType = wrapper.framework; name = OCHamcrest.framework; path = ../../Carthage/Build/iOS/OCHamcrest.framework; sourceTree = "<group>"; };
		826803711CA94C8800C8B952 /* OCMockito.framework */ = {isa = PBXFileReference; lastKnownFileType = wrapper.framework; name = OCMockito.framework; path = ../../Carthage/Build/iOS/OCMockito.framework; sourceTree = "<group>"; };
		826803741CA95DE500C8B952 /* SKOrderedDictionary.h */ = {isa = PBXFileReference; fileEncoding = 4; lastKnownFileType = sourcecode.c.h; path = SKOrderedDictionary.h; sourceTree = "<group>"; };
		826803751CA95DE500C8B952 /* SKOrderedDictionary.m */ = {isa = PBXFileReference; fileEncoding = 4; lastKnownFileType = sourcecode.c.objc; path = SKOrderedDictionary.m; sourceTree = "<group>"; };
		826803781CA95DEF00C8B952 /* SKOrderedDictionaryTest.m */ = {isa = PBXFileReference; fileEncoding = 4; lastKnownFileType = sourcecode.c.objc; path = SKOrderedDictionaryTest.m; sourceTree = "<group>"; };
		826803F11CAC25E900C8B952 /* SKLruListTests.m */ = {isa = PBXFileReference; fileEncoding = 4; lastKnownFileType = sourcecode.c.objc; path = SKLruListTests.m; sourceTree = "<group>"; };
		826803F21CAC25E900C8B952 /* SKLruTableTests.m */ = {isa = PBXFileReference; fileEncoding = 4; lastKnownFileType = sourcecode.c.objc; path = SKLruTableTests.m; sourceTree = "<group>"; };
		826804021CAC264200C8B952 /* SKLruCacheTests.m */ = {isa = PBXFileReference; fileEncoding = 4; lastKnownFileType = sourcecode.c.objc; path = SKLruCacheTests.m; sourceTree = "<group>"; };
		826804051CAC26E400C8B952 /* SKLruCache.h */ = {isa = PBXFileReference; fileEncoding = 4; lastKnownFileType = sourcecode.c.h; path = SKLruCache.h; sourceTree = "<group>"; };
		826804061CAC26E400C8B952 /* SKLruCache.m */ = {isa = PBXFileReference; fileEncoding = 4; lastKnownFileType = sourcecode.c.objc; path = SKLruCache.m; sourceTree = "<group>"; };
		826804071CAC26E400C8B952 /* SKLruList.h */ = {isa = PBXFileReference; fileEncoding = 4; lastKnownFileType = sourcecode.c.h; path = SKLruList.h; sourceTree = "<group>"; };
		826804081CAC26E400C8B952 /* SKLruList.m */ = {isa = PBXFileReference; fileEncoding = 4; lastKnownFileType = sourcecode.c.objc; path = SKLruList.m; sourceTree = "<group>"; };
		826804091CAC26E400C8B952 /* SKLruTable.h */ = {isa = PBXFileReference; fileEncoding = 4; lastKnownFileType = sourcecode.c.h; path = SKLruTable.h; sourceTree = "<group>"; };
		8268040A1CAC26E400C8B952 /* SKLruTable.m */ = {isa = PBXFileReference; fileEncoding = 4; lastKnownFileType = sourcecode.c.objc; path = SKLruTable.m; sourceTree = "<group>"; };
		828D198C1CAD8C0300F4CFC4 /* SKLruStorage.h */ = {isa = PBXFileReference; fileEncoding = 4; lastKnownFileType = sourcecode.c.h; path = SKLruStorage.h; sourceTree = "<group>"; };
		828D198D1CAD8C0300F4CFC4 /* SKLruStorage.m */ = {isa = PBXFileReference; fileEncoding = 4; lastKnownFileType = sourcecode.c.objc; path = SKLruStorage.m; sourceTree = "<group>"; };
		828D19901CAD8C1900F4CFC4 /* SKLruStorageTests.m */ = {isa = PBXFileReference; fileEncoding = 4; lastKnownFileType = sourcecode.c.objc; path = SKLruStorageTests.m; sourceTree = "<group>"; };
		82FB6D961CB6E5AE000DE9E9 /* SKUtils.framework */ = {isa = PBXFileReference; explicitFileType = wrapper.framework; includeInIndex = 0; path = SKUtils.framework; sourceTree = BUILT_PRODUCTS_DIR; };
/* End PBXFileReference section */

/* Begin PBXFrameworksBuildPhase section */
		826803501CA94AE600C8B952 /* Frameworks */ = {
			isa = PBXFrameworksBuildPhase;
			buildActionMask = 2147483647;
			files = (
			);
			runOnlyForDeploymentPostprocessing = 0;
		};
		8268035B1CA94AE700C8B952 /* Frameworks */ = {
			isa = PBXFrameworksBuildPhase;
			buildActionMask = 2147483647;
			files = (
				826803721CA94C8800C8B952 /* OCHamcrest.framework in Frameworks */,
				826803731CA94C8800C8B952 /* OCMockito.framework in Frameworks */,
				8268035F1CA94AE700C8B952 /* SKUtils.framework in Frameworks */,
			);
			runOnlyForDeploymentPostprocessing = 0;
		};
		82FB6D8A1CB6E5AE000DE9E9 /* Frameworks */ = {
			isa = PBXFrameworksBuildPhase;
			buildActionMask = 2147483647;
			files = (
			);
			runOnlyForDeploymentPostprocessing = 0;
		};
/* End PBXFrameworksBuildPhase section */

/* Begin PBXGroup section */
		822586C41CBC003D00E01E7D /* Task */ = {
			isa = PBXGroup;
			children = (
				822586C51CBC003D00E01E7D /* SKTask.h */,
				822586C61CBC003D00E01E7D /* SKTask.m */,
				822586C71CBC003D00E01E7D /* SKTaskQueue.h */,
				822586C81CBC003D00E01E7D /* SKTaskQueue.m */,
			);
			path = Task;
			sourceTree = "<group>";
		};
		822586CD1CBC004600E01E7D /* Task */ = {
			isa = PBXGroup;
			children = (
				822586CE1CBC004600E01E7D /* SKTaskQueueTest.m */,
			);
			path = Task;
			sourceTree = "<group>";
		};
		8268034A1CA94AE600C8B952 = {
			isa = PBXGroup;
			children = (
				826803561CA94AE600C8B952 /* SKUtils */,
				826803621CA94AE700C8B952 /* SKUtilsTests */,
				826803551CA94AE600C8B952 /* Products */,
			);
			sourceTree = "<group>";
		};
		826803551CA94AE600C8B952 /* Products */ = {
			isa = PBXGroup;
			children = (
				826803541CA94AE600C8B952 /* SKUtils.framework */,
				8268035E1CA94AE700C8B952 /* SKUtilsTests.xctest */,
				82FB6D961CB6E5AE000DE9E9 /* SKUtils.framework */,
			);
			name = Products;
			sourceTree = "<group>";
		};
		826803561CA94AE600C8B952 /* SKUtils */ = {
			isa = PBXGroup;
			children = (
				822586C41CBC003D00E01E7D /* Task */,
				826804041CAC26E400C8B952 /* Lru */,
				826803741CA95DE500C8B952 /* SKOrderedDictionary.h */,
				826803751CA95DE500C8B952 /* SKOrderedDictionary.m */,
				826803571CA94AE700C8B952 /* SKUtils.h */,
				826803591CA94AE700C8B952 /* Info.plist */,
			);
			path = SKUtils;
			sourceTree = "<group>";
		};
		826803621CA94AE700C8B952 /* SKUtilsTests */ = {
			isa = PBXGroup;
			children = (
				822586CD1CBC004600E01E7D /* Task */,
				826803F01CAC25E900C8B952 /* Lru */,
				826803781CA95DEF00C8B952 /* SKOrderedDictionaryTest.m */,
				826803631CA94AE700C8B952 /* SKUtilsTests.m */,
				8268036F1CA94C6600C8B952 /* frameworks */,
				826803651CA94AE700C8B952 /* Info.plist */,
			);
			path = SKUtilsTests;
			sourceTree = "<group>";
		};
		8268036F1CA94C6600C8B952 /* frameworks */ = {
			isa = PBXGroup;
			children = (
				826803701CA94C8800C8B952 /* OCHamcrest.framework */,
				826803711CA94C8800C8B952 /* OCMockito.framework */,
			);
			path = frameworks;
			sourceTree = "<group>";
		};
		826803F01CAC25E900C8B952 /* Lru */ = {
			isa = PBXGroup;
			children = (
				826803F11CAC25E900C8B952 /* SKLruListTests.m */,
				826803F21CAC25E900C8B952 /* SKLruTableTests.m */,
				828D19901CAD8C1900F4CFC4 /* SKLruStorageTests.m */,
				826804021CAC264200C8B952 /* SKLruCacheTests.m */,
			);
			path = Lru;
			sourceTree = "<group>";
		};
		826804041CAC26E400C8B952 /* Lru */ = {
			isa = PBXGroup;
			children = (
				826804071CAC26E400C8B952 /* SKLruList.h */,
				826804081CAC26E400C8B952 /* SKLruList.m */,
				826804091CAC26E400C8B952 /* SKLruTable.h */,
				8268040A1CAC26E400C8B952 /* SKLruTable.m */,
				828D198C1CAD8C0300F4CFC4 /* SKLruStorage.h */,
				828D198D1CAD8C0300F4CFC4 /* SKLruStorage.m */,
				826804051CAC26E400C8B952 /* SKLruCache.h */,
				826804061CAC26E400C8B952 /* SKLruCache.m */,
			);
			path = Lru;
			sourceTree = "<group>";
		};
/* End PBXGroup section */

/* Begin PBXHeadersBuildPhase section */
		826803511CA94AE600C8B952 /* Headers */ = {
			isa = PBXHeadersBuildPhase;
			buildActionMask = 2147483647;
			files = (
				822586CB1CBC003D00E01E7D /* SKTaskQueue.h in Headers */,
				822586C91CBC003D00E01E7D /* SKTask.h in Headers */,
				8268040B1CAC26E400C8B952 /* SKLruCache.h in Headers */,
				826803761CA95DE500C8B952 /* SKOrderedDictionary.h in Headers */,
				828D198E1CAD8C0300F4CFC4 /* SKLruStorage.h in Headers */,
				8268040F1CAC26E400C8B952 /* SKLruTable.h in Headers */,
				8268040D1CAC26E400C8B952 /* SKLruList.h in Headers */,
				826803581CA94AE700C8B952 /* SKUtils.h in Headers */,
			);
			runOnlyForDeploymentPostprocessing = 0;
		};
		82FB6D8B1CB6E5AE000DE9E9 /* Headers */ = {
			isa = PBXHeadersBuildPhase;
			buildActionMask = 2147483647;
			files = (
				82FB6D8C1CB6E5AE000DE9E9 /* SKLruCache.h in Headers */,
				82FB6D8D1CB6E5AE000DE9E9 /* SKOrderedDictionary.h in Headers */,
				82FB6D8E1CB6E5AE000DE9E9 /* SKLruStorage.h in Headers */,
				82FB6D8F1CB6E5AE000DE9E9 /* SKLruTable.h in Headers */,
				82FB6D901CB6E5AE000DE9E9 /* SKLruList.h in Headers */,
				82FB6D911CB6E5AE000DE9E9 /* SKUtils.h in Headers */,
			);
			runOnlyForDeploymentPostprocessing = 0;
		};
/* End PBXHeadersBuildPhase section */

/* Begin PBXNativeTarget section */
		826803531CA94AE600C8B952 /* SKUtils */ = {
			isa = PBXNativeTarget;
			buildConfigurationList = 826803681CA94AE700C8B952 /* Build configuration list for PBXNativeTarget "SKUtils" */;
			buildPhases = (
				8268034F1CA94AE600C8B952 /* Sources */,
				826803501CA94AE600C8B952 /* Frameworks */,
				826803511CA94AE600C8B952 /* Headers */,
				826803521CA94AE600C8B952 /* Resources */,
			);
			buildRules = (
			);
			dependencies = (
			);
			name = SKUtils;
			productName = SKUtils;
			productReference = 826803541CA94AE600C8B952 /* SKUtils.framework */;
			productType = "com.apple.product-type.framework";
		};
		8268035D1CA94AE700C8B952 /* SKUtilsTests */ = {
			isa = PBXNativeTarget;
			buildConfigurationList = 8268036B1CA94AE700C8B952 /* Build configuration list for PBXNativeTarget "SKUtilsTests" */;
			buildPhases = (
				8268035A1CA94AE700C8B952 /* Sources */,
				8268035B1CA94AE700C8B952 /* Frameworks */,
				8268035C1CA94AE700C8B952 /* Resources */,
				8268036E1CA94BEF00C8B952 /* ShellScript */,
			);
			buildRules = (
			);
			dependencies = (
				826803611CA94AE700C8B952 /* PBXTargetDependency */,
			);
			name = SKUtilsTests;
			productName = SKUtilsTests;
			productReference = 8268035E1CA94AE700C8B952 /* SKUtilsTests.xctest */;
			productType = "com.apple.product-type.bundle.unit-test";
		};
		82FB6D831CB6E5AE000DE9E9 /* SKUtils-iOS7 */ = {
			isa = PBXNativeTarget;
			buildConfigurationList = 82FB6D931CB6E5AE000DE9E9 /* Build configuration list for PBXNativeTarget "SKUtils-iOS7" */;
			buildPhases = (
				82FB6D841CB6E5AE000DE9E9 /* Sources */,
				82FB6D8A1CB6E5AE000DE9E9 /* Frameworks */,
				82FB6D8B1CB6E5AE000DE9E9 /* Headers */,
				82FB6D921CB6E5AE000DE9E9 /* Resources */,
			);
			buildRules = (
			);
			dependencies = (
			);
			name = "SKUtils-iOS7";
			productName = SKUtils;
			productReference = 82FB6D961CB6E5AE000DE9E9 /* SKUtils.framework */;
			productType = "com.apple.product-type.framework";
		};
/* End PBXNativeTarget section */

/* Begin PBXProject section */
		8268034B1CA94AE600C8B952 /* Project object */ = {
			isa = PBXProject;
			attributes = {
				LastUpgradeCheck = 0720;
				ORGANIZATIONNAME = SK;
				TargetAttributes = {
					826803531CA94AE600C8B952 = {
						CreatedOnToolsVersion = 7.2.1;
					};
					8268035D1CA94AE700C8B952 = {
						CreatedOnToolsVersion = 7.2.1;
					};
					82FB6D9B1CB6E7D1000DE9E9 = {
						CreatedOnToolsVersion = 7.3;
					};
				};
			};
			buildConfigurationList = 8268034E1CA94AE600C8B952 /* Build configuration list for PBXProject "SKUtils" */;
			compatibilityVersion = "Xcode 3.2";
			developmentRegion = English;
			hasScannedForEncodings = 0;
			knownRegions = (
				en,
			);
			mainGroup = 8268034A1CA94AE600C8B952;
			productRefGroup = 826803551CA94AE600C8B952 /* Products */;
			projectDirPath = "";
			projectRoot = "";
			targets = (
				826803531CA94AE600C8B952 /* SKUtils */,
				8268035D1CA94AE700C8B952 /* SKUtilsTests */,
				82FB6D831CB6E5AE000DE9E9 /* SKUtils-iOS7 */,
				82FB6D9B1CB6E7D1000DE9E9 /* SKUtils-Universal */,
			);
		};
/* End PBXProject section */

/* Begin PBXResourcesBuildPhase section */
		826803521CA94AE600C8B952 /* Resources */ = {
			isa = PBXResourcesBuildPhase;
			buildActionMask = 2147483647;
			files = (
			);
			runOnlyForDeploymentPostprocessing = 0;
		};
		8268035C1CA94AE700C8B952 /* Resources */ = {
			isa = PBXResourcesBuildPhase;
			buildActionMask = 2147483647;
			files = (
			);
			runOnlyForDeploymentPostprocessing = 0;
		};
		82FB6D921CB6E5AE000DE9E9 /* Resources */ = {
			isa = PBXResourcesBuildPhase;
			buildActionMask = 2147483647;
			files = (
			);
			runOnlyForDeploymentPostprocessing = 0;
		};
/* End PBXResourcesBuildPhase section */

/* Begin PBXShellScriptBuildPhase section */
		8268036E1CA94BEF00C8B952 /* ShellScript */ = {
			isa = PBXShellScriptBuildPhase;
			buildActionMask = 2147483647;
			files = (
			);
			inputPaths = (
				"$(SRCROOT)/Carthage/Build/iOS/OCHamcrest.framework",
				"$(SRCROOT)/Carthage/Build/iOS/OCMockito.framework",
			);
			outputPaths = (
			);
			runOnlyForDeploymentPostprocessing = 0;
			shellPath = /bin/sh;
			shellScript = "/usr/local/bin/carthage copy-frameworks";
		};
		82FB6DA11CB6E7E2000DE9E9 /* ShellScript */ = {
			isa = PBXShellScriptBuildPhase;
			buildActionMask = 2147483647;
			files = (
			);
			inputPaths = (
			);
			outputPaths = (
			);
			runOnlyForDeploymentPostprocessing = 0;
			shellPath = /bin/sh;
			shellScript = "######################\n# Options\n######################\n\nREVEAL_ARCHIVE_IN_FINDER=false\n\nFRAMEWORK_NAME=\"${PROJECT_NAME}\"\n\nSIMULATOR_LIBRARY_PATH=\"${BUILD_DIR}/${CONFIGURATION}-iphonesimulator/${FRAMEWORK_NAME}.framework\"\n\nDEVICE_LIBRARY_PATH=\"${BUILD_DIR}/${CONFIGURATION}-iphoneos/${FRAMEWORK_NAME}.framework\"\n\nUNIVERSAL_LIBRARY_DIR=\"${BUILD_DIR}/${CONFIGURATION}-iphoneuniversal\"\n\nFRAMEWORK=\"${UNIVERSAL_LIBRARY_DIR}/${FRAMEWORK_NAME}.framework\"\n\n\n######################\n# Build Frameworks\n######################\n\nxcodebuild -project ${PROJECT_NAME}.xcodeproj -scheme ${PROJECT_NAME}-iOS7 -sdk iphonesimulator -configuration ${CONFIGURATION} clean build CONFIGURATION_BUILD_DIR=${BUILD_DIR}/${CONFIGURATION}-iphonesimulator 2>&1\n\nxcodebuild -project ${PROJECT_NAME}.xcodeproj -scheme ${PROJECT_NAME}-iOS7 -sdk iphoneos -configuration ${CONFIGURATION} clean build CONFIGURATION_BUILD_DIR=${BUILD_DIR}/${CONFIGURATION}-iphoneos 2>&1\n\n######################\n# Create directory for universal\n######################\n\nrm -rf \"${UNIVERSAL_LIBRARY_DIR}\"\n\nmkdir \"${UNIVERSAL_LIBRARY_DIR}\"\n\nmkdir \"${FRAMEWORK}\"\n\n\n######################\n# Copy files Framework\n######################\n\ncp -r \"${DEVICE_LIBRARY_PATH}/.\" \"${FRAMEWORK}\"\n\n\n######################\n# Make an universal binary\n######################\n\nlipo \"${SIMULATOR_LIBRARY_PATH}/${FRAMEWORK_NAME}\" \"${DEVICE_LIBRARY_PATH}/${FRAMEWORK_NAME}\" -create -output \"${FRAMEWORK}/${FRAMEWORK_NAME}\" | echo\n\n# For Swift framework, Swiftmodule needs to be copied in the universal framework\nif [ -d \"${SIMULATOR_LIBRARY_PATH}/Modules/${FRAMEWORK_NAME}.swiftmodule/\" ]; then\ncp -f ${SIMULATOR_LIBRARY_PATH}/Modules/${FRAMEWORK_NAME}.swiftmodule/* \"${FRAMEWORK}/Modules/${FRAMEWORK_NAME}.swiftmodule/\" | echo\n                                                                      fi\n                                                                      \n                                                                      if [ -d \"${DEVICE_LIBRARY_PATH}/Modules/${FRAMEWORK_NAME}.swiftmodule/\" ]; then\n                                                                      cp -f ${DEVICE_LIBRARY_PATH}/Modules/${FRAMEWORK_NAME}.swiftmodule/* \"${FRAMEWORK}/Modules/${FRAMEWORK_NAME}.swiftmodule/\" | echo\n                                                                      fi\n                                                                      \n                                                                      ######################\n                                                                      # On Release, copy the result to release directory\n                                                                      ######################\n                                                                      OUTPUT_DIR=\"${PROJECT_DIR}/Output/${FRAMEWORK_NAME}-${CONFIGURATION}-iphoneuniversal/\"\n                                                                      \n                                                                      rm -rf \"$OUTPUT_DIR\"\n                                                                      mkdir -p \"$OUTPUT_DIR\"\n                                                                      \n                                                                      cp -r \"${FRAMEWORK}\" \"$OUTPUT_DIR\"\n                                                                      \n                                                                      if [ ${REVEAL_ARCHIVE_IN_FINDER} = true ]; then\n                                                                      open \"${OUTPUT_DIR}/\"\n                                                                      fi";
		};
/* End PBXShellScriptBuildPhase section */

/* Begin PBXSourcesBuildPhase section */
		8268034F1CA94AE600C8B952 /* Sources */ = {
			isa = PBXSourcesBuildPhase;
			buildActionMask = 2147483647;
			files = (
				826804101CAC26E400C8B952 /* SKLruTable.m in Sources */,
				828D198F1CAD8C0300F4CFC4 /* SKLruStorage.m in Sources */,
				8268040C1CAC26E400C8B952 /* SKLruCache.m in Sources */,
				822586CC1CBC003D00E01E7D /* SKTaskQueue.m in Sources */,
				8268040E1CAC26E400C8B952 /* SKLruList.m in Sources */,
				822586CA1CBC003D00E01E7D /* SKTask.m in Sources */,
				826803771CA95DE500C8B952 /* SKOrderedDictionary.m in Sources */,
			);
			runOnlyForDeploymentPostprocessing = 0;
		};
		8268035A1CA94AE700C8B952 /* Sources */ = {
			isa = PBXSourcesBuildPhase;
			buildActionMask = 2147483647;
			files = (
				826803F41CAC25E900C8B952 /* SKLruTableTests.m in Sources */,
				826803641CA94AE700C8B952 /* SKUtilsTests.m in Sources */,
				822586CF1CBC004600E01E7D /* SKTaskQueueTest.m in Sources */,
				826803F31CAC25E900C8B952 /* SKLruListTests.m in Sources */,
				828D19911CAD8C1900F4CFC4 /* SKLruStorageTests.m in Sources */,
				826804031CAC264200C8B952 /* SKLruCacheTests.m in Sources */,
				826803791CA95DEF00C8B952 /* SKOrderedDictionaryTest.m in Sources */,
			);
			runOnlyForDeploymentPostprocessing = 0;
		};
		82FB6D841CB6E5AE000DE9E9 /* Sources */ = {
			isa = PBXSourcesBuildPhase;
			buildActionMask = 2147483647;
			files = (
				82FB6D851CB6E5AE000DE9E9 /* SKLruTable.m in Sources */,
				82FB6D861CB6E5AE000DE9E9 /* SKLruStorage.m in Sources */,
				82FB6D871CB6E5AE000DE9E9 /* SKLruCache.m in Sources */,
				82FB6D881CB6E5AE000DE9E9 /* SKLruList.m in Sources */,
				82FB6D891CB6E5AE000DE9E9 /* SKOrderedDictionary.m in Sources */,
			);
			runOnlyForDeploymentPostprocessing = 0;
		};
/* End PBXSourcesBuildPhase section */

/* Begin PBXTargetDependency section */
		826803611CA94AE700C8B952 /* PBXTargetDependency */ = {
			isa = PBXTargetDependency;
			target = 826803531CA94AE600C8B952 /* SKUtils */;
			targetProxy = 826803601CA94AE700C8B952 /* PBXContainerItemProxy */;
		};
		82FB6DA01CB6E7DD000DE9E9 /* PBXTargetDependency */ = {
			isa = PBXTargetDependency;
			target = 82FB6D831CB6E5AE000DE9E9 /* SKUtils-iOS7 */;
			targetProxy = 82FB6D9F1CB6E7DD000DE9E9 /* PBXContainerItemProxy */;
		};
/* End PBXTargetDependency section */

/* Begin XCBuildConfiguration section */
		826803661CA94AE700C8B952 /* Debug */ = {
			isa = XCBuildConfiguration;
			buildSettings = {
				ALWAYS_SEARCH_USER_PATHS = NO;
				CLANG_CXX_LANGUAGE_STANDARD = "gnu++0x";
				CLANG_CXX_LIBRARY = "libc++";
				CLANG_ENABLE_MODULES = YES;
				CLANG_ENABLE_OBJC_ARC = YES;
				CLANG_WARN_BOOL_CONVERSION = YES;
				CLANG_WARN_CONSTANT_CONVERSION = YES;
				CLANG_WARN_DIRECT_OBJC_ISA_USAGE = YES_ERROR;
				CLANG_WARN_EMPTY_BODY = YES;
				CLANG_WARN_ENUM_CONVERSION = YES;
				CLANG_WARN_INT_CONVERSION = YES;
				CLANG_WARN_OBJC_ROOT_CLASS = YES_ERROR;
				CLANG_WARN_UNREACHABLE_CODE = YES;
				CLANG_WARN__DUPLICATE_METHOD_MATCH = YES;
				"CODE_SIGN_IDENTITY[sdk=iphoneos*]" = "iPhone Developer";
				COPY_PHASE_STRIP = NO;
				CURRENT_PROJECT_VERSION = 1;
				DEBUG_INFORMATION_FORMAT = dwarf;
				ENABLE_STRICT_OBJC_MSGSEND = YES;
				ENABLE_TESTABILITY = YES;
				GCC_C_LANGUAGE_STANDARD = gnu99;
				GCC_DYNAMIC_NO_PIC = NO;
				GCC_NO_COMMON_BLOCKS = YES;
				GCC_OPTIMIZATION_LEVEL = 0;
				GCC_PREPROCESSOR_DEFINITIONS = (
					"DEBUG=1",
					"$(inherited)",
				);
				GCC_WARN_64_TO_32_BIT_CONVERSION = YES;
				GCC_WARN_ABOUT_RETURN_TYPE = YES_ERROR;
				GCC_WARN_UNDECLARED_SELECTOR = YES;
				GCC_WARN_UNINITIALIZED_AUTOS = YES_AGGRESSIVE;
				GCC_WARN_UNUSED_FUNCTION = YES;
				GCC_WARN_UNUSED_VARIABLE = YES;
				IPHONEOS_DEPLOYMENT_TARGET = 9.2;
				MTL_ENABLE_DEBUG_INFO = YES;
				ONLY_ACTIVE_ARCH = YES;
				SDKROOT = iphoneos;
				TARGETED_DEVICE_FAMILY = "1,2";
				VERSIONING_SYSTEM = "apple-generic";
				VERSION_INFO_PREFIX = "";
			};
			name = Debug;
		};
		826803671CA94AE700C8B952 /* Release */ = {
			isa = XCBuildConfiguration;
			buildSettings = {
				ALWAYS_SEARCH_USER_PATHS = NO;
				CLANG_CXX_LANGUAGE_STANDARD = "gnu++0x";
				CLANG_CXX_LIBRARY = "libc++";
				CLANG_ENABLE_MODULES = YES;
				CLANG_ENABLE_OBJC_ARC = YES;
				CLANG_WARN_BOOL_CONVERSION = YES;
				CLANG_WARN_CONSTANT_CONVERSION = YES;
				CLANG_WARN_DIRECT_OBJC_ISA_USAGE = YES_ERROR;
				CLANG_WARN_EMPTY_BODY = YES;
				CLANG_WARN_ENUM_CONVERSION = YES;
				CLANG_WARN_INT_CONVERSION = YES;
				CLANG_WARN_OBJC_ROOT_CLASS = YES_ERROR;
				CLANG_WARN_UNREACHABLE_CODE = YES;
				CLANG_WARN__DUPLICATE_METHOD_MATCH = YES;
				"CODE_SIGN_IDENTITY[sdk=iphoneos*]" = "iPhone Developer";
				COPY_PHASE_STRIP = NO;
				CURRENT_PROJECT_VERSION = 1;
				DEBUG_INFORMATION_FORMAT = "dwarf-with-dsym";
				ENABLE_NS_ASSERTIONS = NO;
				ENABLE_STRICT_OBJC_MSGSEND = YES;
				GCC_C_LANGUAGE_STANDARD = gnu99;
				GCC_NO_COMMON_BLOCKS = YES;
				GCC_WARN_64_TO_32_BIT_CONVERSION = YES;
				GCC_WARN_ABOUT_RETURN_TYPE = YES_ERROR;
				GCC_WARN_UNDECLARED_SELECTOR = YES;
				GCC_WARN_UNINITIALIZED_AUTOS = YES_AGGRESSIVE;
				GCC_WARN_UNUSED_FUNCTION = YES;
				GCC_WARN_UNUSED_VARIABLE = YES;
				IPHONEOS_DEPLOYMENT_TARGET = 9.2;
				MTL_ENABLE_DEBUG_INFO = NO;
				SDKROOT = iphoneos;
				TARGETED_DEVICE_FAMILY = "1,2";
				VALIDATE_PRODUCT = YES;
				VERSIONING_SYSTEM = "apple-generic";
				VERSION_INFO_PREFIX = "";
			};
			name = Release;
		};
		826803691CA94AE700C8B952 /* Debug */ = {
			isa = XCBuildConfiguration;
			buildSettings = {
				DEFINES_MODULE = YES;
				DYLIB_COMPATIBILITY_VERSION = 1;
				DYLIB_CURRENT_VERSION = 1;
				DYLIB_INSTALL_NAME_BASE = "@rpath";
				INFOPLIST_FILE = SKUtils/Info.plist;
				INSTALL_PATH = "$(LOCAL_LIBRARY_DIR)/Frameworks";
				LD_RUNPATH_SEARCH_PATHS = "$(inherited) @executable_path/Frameworks @loader_path/Frameworks";
				PRODUCT_BUNDLE_IDENTIFIER = com.github.skchen.SKUtils;
				PRODUCT_NAME = "$(TARGET_NAME)";
				SKIP_INSTALL = YES;
			};
			name = Debug;
		};
		8268036A1CA94AE700C8B952 /* Release */ = {
			isa = XCBuildConfiguration;
			buildSettings = {
				DEFINES_MODULE = YES;
				DYLIB_COMPATIBILITY_VERSION = 1;
				DYLIB_CURRENT_VERSION = 1;
				DYLIB_INSTALL_NAME_BASE = "@rpath";
				INFOPLIST_FILE = SKUtils/Info.plist;
				INSTALL_PATH = "$(LOCAL_LIBRARY_DIR)/Frameworks";
				LD_RUNPATH_SEARCH_PATHS = "$(inherited) @executable_path/Frameworks @loader_path/Frameworks";
				PRODUCT_BUNDLE_IDENTIFIER = com.github.skchen.SKUtils;
				PRODUCT_NAME = "$(TARGET_NAME)";
				SKIP_INSTALL = YES;
			};
			name = Release;
		};
		8268036C1CA94AE700C8B952 /* Debug */ = {
			isa = XCBuildConfiguration;
			buildSettings = {
				FRAMEWORK_SEARCH_PATHS = (
					"$(inherited)",
					"$(PROJECT_DIR)/Carthage/Build/iOS",
				);
				INFOPLIST_FILE = SKUtilsTests/Info.plist;
				LD_RUNPATH_SEARCH_PATHS = "$(inherited) @executable_path/Frameworks @loader_path/Frameworks";
				PRODUCT_BUNDLE_IDENTIFIER = com.github.skchen.SKUtilsTests;
				PRODUCT_NAME = "$(TARGET_NAME)";
			};
			name = Debug;
		};
		8268036D1CA94AE700C8B952 /* Release */ = {
			isa = XCBuildConfiguration;
			buildSettings = {
				FRAMEWORK_SEARCH_PATHS = (
					"$(inherited)",
					"$(PROJECT_DIR)/Carthage/Build/iOS",
				);
				INFOPLIST_FILE = SKUtilsTests/Info.plist;
				LD_RUNPATH_SEARCH_PATHS = "$(inherited) @executable_path/Frameworks @loader_path/Frameworks";
				PRODUCT_BUNDLE_IDENTIFIER = com.github.skchen.SKUtilsTests;
				PRODUCT_NAME = "$(TARGET_NAME)";
			};
			name = Release;
		};
		82FB6D941CB6E5AE000DE9E9 /* Debug */ = {
			isa = XCBuildConfiguration;
			buildSettings = {
				DEFINES_MODULE = YES;
				DYLIB_COMPATIBILITY_VERSION = 1;
				DYLIB_CURRENT_VERSION = 1;
				DYLIB_INSTALL_NAME_BASE = "@rpath";
				INFOPLIST_FILE = SKUtils/Info.plist;
				INSTALL_PATH = "$(LOCAL_LIBRARY_DIR)/Frameworks";
				IPHONEOS_DEPLOYMENT_TARGET = 7.0;
				LD_RUNPATH_SEARCH_PATHS = "$(inherited) @executable_path/Frameworks @loader_path/Frameworks";
				MACH_O_TYPE = staticlib;
				PRODUCT_BUNDLE_IDENTIFIER = com.github.skchen.SKUtils;
				PRODUCT_NAME = "$(PROJECT_NAME)";
				SKIP_INSTALL = YES;
			};
			name = Debug;
		};
		82FB6D951CB6E5AE000DE9E9 /* Release */ = {
			isa = XCBuildConfiguration;
			buildSettings = {
				DEFINES_MODULE = YES;
				DYLIB_COMPATIBILITY_VERSION = 1;
				DYLIB_CURRENT_VERSION = 1;
				DYLIB_INSTALL_NAME_BASE = "@rpath";
				INFOPLIST_FILE = SKUtils/Info.plist;
				INSTALL_PATH = "$(LOCAL_LIBRARY_DIR)/Frameworks";
				IPHONEOS_DEPLOYMENT_TARGET = 7.0;
				LD_RUNPATH_SEARCH_PATHS = "$(inherited) @executable_path/Frameworks @loader_path/Frameworks";
				MACH_O_TYPE = staticlib;
				PRODUCT_BUNDLE_IDENTIFIER = com.github.skchen.SKUtils;
				PRODUCT_NAME = "$(PROJECT_NAME)";
				SKIP_INSTALL = YES;
			};
			name = Release;
		};
		82FB6D9D1CB6E7D1000DE9E9 /* Debug */ = {
			isa = XCBuildConfiguration;
			buildSettings = {
				PRODUCT_NAME = "$(TARGET_NAME)";
			};
			name = Debug;
		};
		82FB6D9E1CB6E7D1000DE9E9 /* Release */ = {
			isa = XCBuildConfiguration;
			buildSettings = {
				PRODUCT_NAME = "$(TARGET_NAME)";
			};
			name = Release;
		};
/* End XCBuildConfiguration section */

/* Begin XCConfigurationList section */
		8268034E1CA94AE600C8B952 /* Build configuration list for PBXProject "SKUtils" */ = {
			isa = XCConfigurationList;
			buildConfigurations = (
				826803661CA94AE700C8B952 /* Debug */,
				826803671CA94AE700C8B952 /* Release */,
			);
			defaultConfigurationIsVisible = 0;
			defaultConfigurationName = Release;
		};
		826803681CA94AE700C8B952 /* Build configuration list for PBXNativeTarget "SKUtils" */ = {
			isa = XCConfigurationList;
			buildConfigurations = (
				826803691CA94AE700C8B952 /* Debug */,
				8268036A1CA94AE700C8B952 /* Release */,
			);
			defaultConfigurationIsVisible = 0;
			defaultConfigurationName = Release;
		};
		8268036B1CA94AE700C8B952 /* Build configuration list for PBXNativeTarget "SKUtilsTests" */ = {
			isa = XCConfigurationList;
			buildConfigurations = (
				8268036C1CA94AE700C8B952 /* Debug */,
				8268036D1CA94AE700C8B952 /* Release */,
			);
			defaultConfigurationIsVisible = 0;
			defaultConfigurationName = Release;
		};
		82FB6D931CB6E5AE000DE9E9 /* Build configuration list for PBXNativeTarget "SKUtils-iOS7" */ = {
			isa = XCConfigurationList;
			buildConfigurations = (
				82FB6D941CB6E5AE000DE9E9 /* Debug */,
				82FB6D951CB6E5AE000DE9E9 /* Release */,
			);
			defaultConfigurationIsVisible = 0;
			defaultConfigurationName = Release;
		};
		82FB6D9C1CB6E7D1000DE9E9 /* Build configuration list for PBXAggregateTarget "SKUtils-Universal" */ = {
			isa = XCConfigurationList;
			buildConfigurations = (
				82FB6D9D1CB6E7D1000DE9E9 /* Debug */,
				82FB6D9E1CB6E7D1000DE9E9 /* Release */,
			);
			defaultConfigurationIsVisible = 0;
			defaultConfigurationName = Release;
		};
/* End XCConfigurationList section */
	};
	rootObject = 8268034B1CA94AE600C8B952 /* Project object */;
}
